// !$*UTF8*$!
{
	archiveVersion = 1;
	classes = {
	};
	objectVersion = 46;
	objects = {

/* Begin PBXBuildFile section */
		04B310D31E8A1DD00002E042 /* PUSAHelperClass.m in Sources */ = {isa = PBXBuildFile; fileRef = 04B310D01E8A1DD00002E042 /* PUSAHelperClass.m */; };
		04B310D41E8A1DD00002E042 /* PUSAWSManager.m in Sources */ = {isa = PBXBuildFile; fileRef = 04B310D21E8A1DD00002E042 /* PUSAWSManager.m */; };
		04B76EFB1E89357A00337AC1 /* AppDelegate.swift in Sources */ = {isa = PBXBuildFile; fileRef = 04B76EFA1E89357A00337AC1 /* AppDelegate.swift */; };
		04B76EFD1E89357A00337AC1 /* ViewController.swift in Sources */ = {isa = PBXBuildFile; fileRef = 04B76EFC1E89357A00337AC1 /* ViewController.swift */; };
		04B76F001E89357A00337AC1 /* Main.storyboard in Resources */ = {isa = PBXBuildFile; fileRef = 04B76EFE1E89357A00337AC1 /* Main.storyboard */; };
		04B76F021E89357A00337AC1 /* Assets.xcassets in Resources */ = {isa = PBXBuildFile; fileRef = 04B76F011E89357A00337AC1 /* Assets.xcassets */; };
		04B76F051E89357A00337AC1 /* LaunchScreen.storyboard in Resources */ = {isa = PBXBuildFile; fileRef = 04B76F031E89357A00337AC1 /* LaunchScreen.storyboard */; };
		04B76F101E89357B00337AC1 /* samplePayUmoneyTests.swift in Sources */ = {isa = PBXBuildFile; fileRef = 04B76F0F1E89357B00337AC1 /* samplePayUmoneyTests.swift */; };
		04B76F1B1E89357B00337AC1 /* samplePayUmoneyUITests.swift in Sources */ = {isa = PBXBuildFile; fileRef = 04B76F1A1E89357B00337AC1 /* samplePayUmoneyUITests.swift */; };
		04B76FA01E89392900337AC1 /* PayUCBInfo.plist in Resources */ = {isa = PBXBuildFile; fileRef = 04B76F2F1E89392900337AC1 /* PayUCBInfo.plist */; };
		04B76FA11E89392900337AC1 /* PUCBAllPaymentOption.xib in Resources */ = {isa = PBXBuildFile; fileRef = 04B76F311E89392900337AC1 /* PUCBAllPaymentOption.xib */; };
		04B76FA21E89392900337AC1 /* PUCBApproveView.xib in Resources */ = {isa = PBXBuildFile; fileRef = 04B76F321E89392900337AC1 /* PUCBApproveView.xib */; };
		04B76FA31E89392900337AC1 /* PUCBBankPageLoading.xib in Resources */ = {isa = PBXBuildFile; fileRef = 04B76F331E89392900337AC1 /* PUCBBankPageLoading.xib */; };
		04B76FA41E89392900337AC1 /* PUCBFooterView.xib in Resources */ = {isa = PBXBuildFile; fileRef = 04B76F361E89392900337AC1 /* PUCBFooterView.xib */; };
		04B76FA51E89392900337AC1 /* PUCBHeaderView.xib in Resources */ = {isa = PBXBuildFile; fileRef = 04B76F371E89392900337AC1 /* PUCBHeaderView.xib */; };
		04B76FA61E89392900337AC1 /* PUCBImages.xcassets in Resources */ = {isa = PBXBuildFile; fileRef = 04B76F381E89392900337AC1 /* PUCBImages.xcassets */; };
		04B76FA71E89392900337AC1 /* PUCBLoader.xib in Resources */ = {isa = PBXBuildFile; fileRef = 04B76F391E89392900337AC1 /* PUCBLoader.xib */; };
		04B76FA81E89392900337AC1 /* PUCBPassowrdWithIncorrectOTPView.xib in Resources */ = {isa = PBXBuildFile; fileRef = 04B76F3A1E89392900337AC1 /* PUCBPassowrdWithIncorrectOTPView.xib */; };
		04B76FA91E89392900337AC1 /* PUCBPasswordNB.xib in Resources */ = {isa = PBXBuildFile; fileRef = 04B76F3B1E89392900337AC1 /* PUCBPasswordNB.xib */; };
		04B76FAA1E89392900337AC1 /* PUCBRegenerateOTPView.xib in Resources */ = {isa = PBXBuildFile; fileRef = 04B76F3C1E89392900337AC1 /* PUCBRegenerateOTPView.xib */; };
		04B76FAB1E89392900337AC1 /* PUCBRegisterOption.xib in Resources */ = {isa = PBXBuildFile; fileRef = 04B76F3D1E89392900337AC1 /* PUCBRegisterOption.xib */; };
		04B76FAC1E89392900337AC1 /* PUCBUserIdNB.xib in Resources */ = {isa = PBXBuildFile; fileRef = 04B76F3E1E89392900337AC1 /* PUCBUserIdNB.xib */; };
		04B76FAD1E89392900337AC1 /* PUCBWKTest.html in Resources */ = {isa = PBXBuildFile; fileRef = 04B76F401E89392900337AC1 /* PUCBWKTest.html */; };
		04B76FAE1E89392900337AC1 /* libiOSCustomBrowser.a in Frameworks */ = {isa = PBXBuildFile; fileRef = 04B76F411E89392900337AC1 /* libiOSCustomBrowser.a */; };
		04B76FAF1E89392900337AC1 /* libPayU_iOS_CoreSDK.a in Frameworks */ = {isa = PBXBuildFile; fileRef = 04B76F431E89392900337AC1 /* libPayU_iOS_CoreSDK.a */; };
		04B76FB01E89392900337AC1 /* PayUSDKInfo.plist in Resources */ = {isa = PBXBuildFile; fileRef = 04B76F5B1E89392900337AC1 /* PayUSDKInfo.plist */; };
		04B76FB11E89392900337AC1 /* iOSDefaultActivityIndicator.m in Sources */ = {isa = PBXBuildFile; fileRef = 04B76F651E89392900337AC1 /* iOSDefaultActivityIndicator.m */; };
		04B76FB21E89392900337AC1 /* PUUIEMITopView.m in Sources */ = {isa = PBXBuildFile; fileRef = 04B76F681E89392900337AC1 /* PUUIEMITopView.m */; };
		04B76FB31E89392900337AC1 /* PUUIEMITopView.xib in Resources */ = {isa = PBXBuildFile; fileRef = 04B76F691E89392900337AC1 /* PUUIEMITopView.xib */; };
		04B76FB41E89392900337AC1 /* PUUINBTopView.m in Sources */ = {isa = PBXBuildFile; fileRef = 04B76F6B1E89392900337AC1 /* PUUINBTopView.m */; };
		04B76FB51E89392900337AC1 /* PUUIStoredCardView.m in Sources */ = {isa = PBXBuildFile; fileRef = 04B76F6D1E89392900337AC1 /* PUUIStoredCardView.m */; };
		04B76FB61E89392900337AC1 /* PUUIStoredCardView.xib in Resources */ = {isa = PBXBuildFile; fileRef = 04B76F6E1E89392900337AC1 /* PUUIStoredCardView.xib */; };
		04B76FB71E89392900337AC1 /* iCarousel.m in Sources */ = {isa = PBXBuildFile; fileRef = 04B76F731E89392900337AC1 /* iCarousel.m */; };
		04B76FB81E89392900337AC1 /* PUUIBaseVC.m in Sources */ = {isa = PBXBuildFile; fileRef = 04B76F771E89392900337AC1 /* PUUIBaseVC.m */; };
		04B76FB91E89392900337AC1 /* PUUIWrapperKHTabPagerVC.m in Sources */ = {isa = PBXBuildFile; fileRef = 04B76F791E89392900337AC1 /* PUUIWrapperKHTabPagerVC.m */; };
		04B76FBA1E89392900337AC1 /* PUUICardOptionVC.m in Sources */ = {isa = PBXBuildFile; fileRef = 04B76F7B1E89392900337AC1 /* PUUICardOptionVC.m */; };
		04B76FBB1E89392900337AC1 /* PUUICCDCVC.m in Sources */ = {isa = PBXBuildFile; fileRef = 04B76F7D1E89392900337AC1 /* PUUICCDCVC.m */; };
		04B76FBC1E89392900337AC1 /* PUUINBVC.m in Sources */ = {isa = PBXBuildFile; fileRef = 04B76F7F1E89392900337AC1 /* PUUINBVC.m */; };
		04B76FBD1E89392900337AC1 /* PUUIPaymentOptionVC.m in Sources */ = {isa = PBXBuildFile; fileRef = 04B76F811E89392900337AC1 /* PUUIPaymentOptionVC.m */; };
		04B76FBE1E89392900337AC1 /* PUUIPayUMoneyVC.m in Sources */ = {isa = PBXBuildFile; fileRef = 04B76F831E89392900337AC1 /* PUUIPayUMoneyVC.m */; };
		04B76FBF1E89392900337AC1 /* PUUIStoredCardCarouselVC.m in Sources */ = {isa = PBXBuildFile; fileRef = 04B76F851E89392900337AC1 /* PUUIStoredCardCarouselVC.m */; };
		04B76FC01E89392900337AC1 /* PUUITabBarTopView.m in Sources */ = {isa = PBXBuildFile; fileRef = 04B76F871E89392900337AC1 /* PUUITabBarTopView.m */; };
		04B76FC11E89392900337AC1 /* PUUITabBarTopView.xib in Resources */ = {isa = PBXBuildFile; fileRef = 04B76F881E89392900337AC1 /* PUUITabBarTopView.xib */; };
		04B76FC21E89392900337AC1 /* PUUIWebViewVC.m in Sources */ = {isa = PBXBuildFile; fileRef = 04B76F8A1E89392900337AC1 /* PUUIWebViewVC.m */; };
		04B76FC31E89392900337AC1 /* PUUIAssets.xcassets in Resources */ = {isa = PBXBuildFile; fileRef = 04B76F8B1E89392900337AC1 /* PUUIAssets.xcassets */; };
		04B76FC41E89392900337AC1 /* PUUIMainStoryBoard.storyboard in Resources */ = {isa = PBXBuildFile; fileRef = 04B76F8E1E89392900337AC1 /* PUUIMainStoryBoard.storyboard */; };
		04B76FC51E89392900337AC1 /* KHTabPagerViewController.m in Sources */ = {isa = PBXBuildFile; fileRef = 04B76F921E89392900337AC1 /* KHTabPagerViewController.m */; };
		04B76FC61E89392900337AC1 /* KHTabScrollView.m in Sources */ = {isa = PBXBuildFile; fileRef = 04B76F941E89392900337AC1 /* KHTabScrollView.m */; };
		04B76FC71E89392900337AC1 /* PUUIConstants.m in Sources */ = {isa = PBXBuildFile; fileRef = 04B76F961E89392900337AC1 /* PUUIConstants.m */; };
		04B76FC81E89392900337AC1 /* PUUIImageConstants.m in Sources */ = {isa = PBXBuildFile; fileRef = 04B76F981E89392900337AC1 /* PUUIImageConstants.m */; };
		04B76FC91E89392900337AC1 /* PUUIUtility.m in Sources */ = {isa = PBXBuildFile; fileRef = 04B76F9A1E89392900337AC1 /* PUUIUtility.m */; };
		04B76FCA1E89392900337AC1 /* PUUIReachability.m in Sources */ = {isa = PBXBuildFile; fileRef = 04B76F9D1E89392900337AC1 /* PUUIReachability.m */; };
		04B76FCB1E89392900337AC1 /* UIColor+PUUIColor.m in Sources */ = {isa = PBXBuildFile; fileRef = 04B76F9F1E89392900337AC1 /* UIColor+PUUIColor.m */; };
		04B76FCE1E8939B000337AC1 /* libz.tbd in Frameworks */ = {isa = PBXBuildFile; fileRef = 04B76FCD1E8939B000337AC1 /* libz.tbd */; };
		04B76FD01E8939D600337AC1 /* WebKit.framework in Frameworks */ = {isa = PBXBuildFile; fileRef = 04B76FCF1E8939D600337AC1 /* WebKit.framework */; };
		04B76FD21E8939E300337AC1 /* SystemConfiguration.framework in Frameworks */ = {isa = PBXBuildFile; fileRef = 04B76FD11E8939E300337AC1 /* SystemConfiguration.framework */; };
/* End PBXBuildFile section */

/* Begin PBXContainerItemProxy section */
		04B76F0C1E89357B00337AC1 /* PBXContainerItemProxy */ = {
			isa = PBXContainerItemProxy;
			containerPortal = 04B76EEF1E89357A00337AC1 /* Project object */;
			proxyType = 1;
			remoteGlobalIDString = 04B76EF61E89357A00337AC1;
			remoteInfo = samplePayUmoney;
		};
		04B76F171E89357B00337AC1 /* PBXContainerItemProxy */ = {
			isa = PBXContainerItemProxy;
			containerPortal = 04B76EEF1E89357A00337AC1 /* Project object */;
			proxyType = 1;
			remoteGlobalIDString = 04B76EF61E89357A00337AC1;
			remoteInfo = samplePayUmoney;
		};
/* End PBXContainerItemProxy section */

/* Begin PBXFileReference section */
		04B310CF1E8A1DD00002E042 /* PUSAHelperClass.h */ = {isa = PBXFileReference; fileEncoding = 4; lastKnownFileType = sourcecode.c.h; path = PUSAHelperClass.h; sourceTree = "<group>"; };
		04B310D01E8A1DD00002E042 /* PUSAHelperClass.m */ = {isa = PBXFileReference; fileEncoding = 4; lastKnownFileType = sourcecode.c.objc; path = PUSAHelperClass.m; sourceTree = "<group>"; };
		04B310D11E8A1DD00002E042 /* PUSAWSManager.h */ = {isa = PBXFileReference; fileEncoding = 4; lastKnownFileType = sourcecode.c.h; path = PUSAWSManager.h; sourceTree = "<group>"; };
		04B310D21E8A1DD00002E042 /* PUSAWSManager.m */ = {isa = PBXFileReference; fileEncoding = 4; lastKnownFileType = sourcecode.c.objc; path = PUSAWSManager.m; sourceTree = "<group>"; };
		04B76EF71E89357A00337AC1 /* samplePayUmoney.app */ = {isa = PBXFileReference; explicitFileType = wrapper.application; includeInIndex = 0; path = samplePayUmoney.app; sourceTree = BUILT_PRODUCTS_DIR; };
		04B76EFA1E89357A00337AC1 /* AppDelegate.swift */ = {isa = PBXFileReference; lastKnownFileType = sourcecode.swift; path = AppDelegate.swift; sourceTree = "<group>"; };
		04B76EFC1E89357A00337AC1 /* ViewController.swift */ = {isa = PBXFileReference; lastKnownFileType = sourcecode.swift; path = ViewController.swift; sourceTree = "<group>"; };
		04B76EFF1E89357A00337AC1 /* Base */ = {isa = PBXFileReference; lastKnownFileType = file.storyboard; name = Base; path = Base.lproj/Main.storyboard; sourceTree = "<group>"; };
		04B76F011E89357A00337AC1 /* Assets.xcassets */ = {isa = PBXFileReference; lastKnownFileType = folder.assetcatalog; path = Assets.xcassets; sourceTree = "<group>"; };
		04B76F041E89357A00337AC1 /* Base */ = {isa = PBXFileReference; lastKnownFileType = file.storyboard; name = Base; path = Base.lproj/LaunchScreen.storyboard; sourceTree = "<group>"; };
		04B76F061E89357A00337AC1 /* Info.plist */ = {isa = PBXFileReference; lastKnownFileType = text.plist.xml; path = Info.plist; sourceTree = "<group>"; };
		04B76F0B1E89357B00337AC1 /* samplePayUmoneyTests.xctest */ = {isa = PBXFileReference; explicitFileType = wrapper.cfbundle; includeInIndex = 0; path = samplePayUmoneyTests.xctest; sourceTree = BUILT_PRODUCTS_DIR; };
		04B76F0F1E89357B00337AC1 /* samplePayUmoneyTests.swift */ = {isa = PBXFileReference; lastKnownFileType = sourcecode.swift; path = samplePayUmoneyTests.swift; sourceTree = "<group>"; };
		04B76F111E89357B00337AC1 /* Info.plist */ = {isa = PBXFileReference; lastKnownFileType = text.plist.xml; path = Info.plist; sourceTree = "<group>"; };
		04B76F161E89357B00337AC1 /* samplePayUmoneyUITests.xctest */ = {isa = PBXFileReference; explicitFileType = wrapper.cfbundle; includeInIndex = 0; path = samplePayUmoneyUITests.xctest; sourceTree = BUILT_PRODUCTS_DIR; };
		04B76F1A1E89357B00337AC1 /* samplePayUmoneyUITests.swift */ = {isa = PBXFileReference; lastKnownFileType = sourcecode.swift; path = samplePayUmoneyUITests.swift; sourceTree = "<group>"; };
		04B76F1C1E89357B00337AC1 /* Info.plist */ = {isa = PBXFileReference; lastKnownFileType = text.plist.xml; path = Info.plist; sourceTree = "<group>"; };
		04B76F2B1E89392900337AC1 /* CBConnection.h */ = {isa = PBXFileReference; fileEncoding = 4; lastKnownFileType = sourcecode.c.h; path = CBConnection.h; sourceTree = "<group>"; };
		04B76F2C1E89392900337AC1 /* CBConstant.h */ = {isa = PBXFileReference; fileEncoding = 4; lastKnownFileType = sourcecode.c.h; path = CBConstant.h; sourceTree = "<group>"; };
		04B76F2D1E89392900337AC1 /* CBWKConnection.h */ = {isa = PBXFileReference; fileEncoding = 4; lastKnownFileType = sourcecode.c.h; path = CBWKConnection.h; sourceTree = "<group>"; };
		04B76F2E1E89392900337AC1 /* PayU_CB_SDK.h */ = {isa = PBXFileReference; fileEncoding = 4; lastKnownFileType = sourcecode.c.h; path = PayU_CB_SDK.h; sourceTree = "<group>"; };
		04B76F2F1E89392900337AC1 /* PayUCBInfo.plist */ = {isa = PBXFileReference; fileEncoding = 4; lastKnownFileType = text.plist.xml; path = PayUCBInfo.plist; sourceTree = "<group>"; };
		04B76F301E89392900337AC1 /* PayUCBWebViewResponseDelegate.h */ = {isa = PBXFileReference; fileEncoding = 4; lastKnownFileType = sourcecode.c.h; path = PayUCBWebViewResponseDelegate.h; sourceTree = "<group>"; };
		04B76F311E89392900337AC1 /* PUCBAllPaymentOption.xib */ = {isa = PBXFileReference; fileEncoding = 4; lastKnownFileType = file.xib; path = PUCBAllPaymentOption.xib; sourceTree = "<group>"; };
		04B76F321E89392900337AC1 /* PUCBApproveView.xib */ = {isa = PBXFileReference; fileEncoding = 4; lastKnownFileType = file.xib; path = PUCBApproveView.xib; sourceTree = "<group>"; };
		04B76F331E89392900337AC1 /* PUCBBankPageLoading.xib */ = {isa = PBXFileReference; fileEncoding = 4; lastKnownFileType = file.xib; path = PUCBBankPageLoading.xib; sourceTree = "<group>"; };
		04B76F341E89392900337AC1 /* PUCBBaseConnection.h */ = {isa = PBXFileReference; fileEncoding = 4; lastKnownFileType = sourcecode.c.h; path = PUCBBaseConnection.h; sourceTree = "<group>"; };
		04B76F351E89392900337AC1 /* PUCBConfiguration.h */ = {isa = PBXFileReference; fileEncoding = 4; lastKnownFileType = sourcecode.c.h; path = PUCBConfiguration.h; sourceTree = "<group>"; };
		04B76F361E89392900337AC1 /* PUCBFooterView.xib */ = {isa = PBXFileReference; fileEncoding = 4; lastKnownFileType = file.xib; path = PUCBFooterView.xib; sourceTree = "<group>"; };
		04B76F371E89392900337AC1 /* PUCBHeaderView.xib */ = {isa = PBXFileReference; fileEncoding = 4; lastKnownFileType = file.xib; path = PUCBHeaderView.xib; sourceTree = "<group>"; };
		04B76F381E89392900337AC1 /* PUCBImages.xcassets */ = {isa = PBXFileReference; lastKnownFileType = folder.assetcatalog; path = PUCBImages.xcassets; sourceTree = "<group>"; };
		04B76F391E89392900337AC1 /* PUCBLoader.xib */ = {isa = PBXFileReference; fileEncoding = 4; lastKnownFileType = file.xib; path = PUCBLoader.xib; sourceTree = "<group>"; };
		04B76F3A1E89392900337AC1 /* PUCBPassowrdWithIncorrectOTPView.xib */ = {isa = PBXFileReference; fileEncoding = 4; lastKnownFileType = file.xib; path = PUCBPassowrdWithIncorrectOTPView.xib; sourceTree = "<group>"; };
		04B76F3B1E89392900337AC1 /* PUCBPasswordNB.xib */ = {isa = PBXFileReference; fileEncoding = 4; lastKnownFileType = file.xib; path = PUCBPasswordNB.xib; sourceTree = "<group>"; };
		04B76F3C1E89392900337AC1 /* PUCBRegenerateOTPView.xib */ = {isa = PBXFileReference; fileEncoding = 4; lastKnownFileType = file.xib; path = PUCBRegenerateOTPView.xib; sourceTree = "<group>"; };
		04B76F3D1E89392900337AC1 /* PUCBRegisterOption.xib */ = {isa = PBXFileReference; fileEncoding = 4; lastKnownFileType = file.xib; path = PUCBRegisterOption.xib; sourceTree = "<group>"; };
		04B76F3E1E89392900337AC1 /* PUCBUserIdNB.xib */ = {isa = PBXFileReference; fileEncoding = 4; lastKnownFileType = file.xib; path = PUCBUserIdNB.xib; sourceTree = "<group>"; };
		04B76F3F1E89392900337AC1 /* PUCBWebVC.h */ = {isa = PBXFileReference; fileEncoding = 4; lastKnownFileType = sourcecode.c.h; path = PUCBWebVC.h; sourceTree = "<group>"; };
		04B76F401E89392900337AC1 /* PUCBWKTest.html */ = {isa = PBXFileReference; fileEncoding = 4; lastKnownFileType = text.html; path = PUCBWKTest.html; sourceTree = "<group>"; };
		04B76F411E89392900337AC1 /* libiOSCustomBrowser.a */ = {isa = PBXFileReference; lastKnownFileType = archive.ar; path = libiOSCustomBrowser.a; sourceTree = "<group>"; };
		04B76F431E89392900337AC1 /* libPayU_iOS_CoreSDK.a */ = {isa = PBXFileReference; lastKnownFileType = archive.ar; path = libPayU_iOS_CoreSDK.a; sourceTree = "<group>"; };
		04B76F451E89392900337AC1 /* CoreTelephony.h */ = {isa = PBXFileReference; fileEncoding = 4; lastKnownFileType = sourcecode.c.h; path = CoreTelephony.h; sourceTree = "<group>"; };
		04B76F461E89392900337AC1 /* PayU_iOS_CoreSDK.h */ = {isa = PBXFileReference; fileEncoding = 4; lastKnownFileType = sourcecode.c.h; path = PayU_iOS_CoreSDK.h; sourceTree = "<group>"; };
		04B76F471E89392900337AC1 /* PayUConstants.h */ = {isa = PBXFileReference; fileEncoding = 4; lastKnownFileType = sourcecode.c.h; path = PayUConstants.h; sourceTree = "<group>"; };
		04B76F481E89392900337AC1 /* PayUCreatePostParam.h */ = {isa = PBXFileReference; fileEncoding = 4; lastKnownFileType = sourcecode.c.h; path = PayUCreatePostParam.h; sourceTree = "<group>"; };
		04B76F491E89392900337AC1 /* PayUCreateRequest.h */ = {isa = PBXFileReference; fileEncoding = 4; lastKnownFileType = sourcecode.c.h; path = PayUCreateRequest.h; sourceTree = "<group>"; };
		04B76F4A1E89392900337AC1 /* PayUDontUseThisClass.h */ = {isa = PBXFileReference; fileEncoding = 4; lastKnownFileType = sourcecode.c.h; path = PayUDontUseThisClass.h; sourceTree = "<group>"; };
		04B76F4B1E89392900337AC1 /* PayUFileManager.h */ = {isa = PBXFileReference; fileEncoding = 4; lastKnownFileType = sourcecode.c.h; path = PayUFileManager.h; sourceTree = "<group>"; };
		04B76F4C1E89392900337AC1 /* PayUJSONParser.h */ = {isa = PBXFileReference; fileEncoding = 4; lastKnownFileType = sourcecode.c.h; path = PayUJSONParser.h; sourceTree = "<group>"; };
		04B76F4D1E89392900337AC1 /* PayUModelCashCard.h */ = {isa = PBXFileReference; fileEncoding = 4; lastKnownFileType = sourcecode.c.h; path = PayUModelCashCard.h; sourceTree = "<group>"; };
		04B76F4E1E89392900337AC1 /* PayUModelCheckIsDomestic.h */ = {isa = PBXFileReference; fileEncoding = 4; lastKnownFileType = sourcecode.c.h; path = PayUModelCheckIsDomestic.h; sourceTree = "<group>"; };
		04B76F4F1E89392900337AC1 /* PayUModelEMI.h */ = {isa = PBXFileReference; fileEncoding = 4; lastKnownFileType = sourcecode.c.h; path = PayUModelEMI.h; sourceTree = "<group>"; };
		04B76F501E89392900337AC1 /* PayUModelEMIDetails.h */ = {isa = PBXFileReference; fileEncoding = 4; lastKnownFileType = sourcecode.c.h; path = PayUModelEMIDetails.h; sourceTree = "<group>"; };
		04B76F511E89392900337AC1 /* PayUModelGetTxnInfo.h */ = {isa = PBXFileReference; fileEncoding = 4; lastKnownFileType = sourcecode.c.h; path = PayUModelGetTxnInfo.h; sourceTree = "<group>"; };
		04B76F521E89392900337AC1 /* PayUModelHashes.h */ = {isa = PBXFileReference; fileEncoding = 4; lastKnownFileType = sourcecode.c.h; path = PayUModelHashes.h; sourceTree = "<group>"; };
		04B76F531E89392900337AC1 /* PayUModelNetBanking.h */ = {isa = PBXFileReference; fileEncoding = 4; lastKnownFileType = sourcecode.c.h; path = PayUModelNetBanking.h; sourceTree = "<group>"; };
		04B76F541E89392900337AC1 /* PayUModelOfferDetails.h */ = {isa = PBXFileReference; fileEncoding = 4; lastKnownFileType = sourcecode.c.h; path = PayUModelOfferDetails.h; sourceTree = "<group>"; };
		04B76F551E89392900337AC1 /* PayUModelOfferStatus.h */ = {isa = PBXFileReference; fileEncoding = 4; lastKnownFileType = sourcecode.c.h; path = PayUModelOfferStatus.h; sourceTree = "<group>"; };
		04B76F561E89392900337AC1 /* PayUModelPaymentParams.h */ = {isa = PBXFileReference; fileEncoding = 4; lastKnownFileType = sourcecode.c.h; path = PayUModelPaymentParams.h; sourceTree = "<group>"; };
		04B76F571E89392900337AC1 /* PayUModelPaymentRelatedDetail.h */ = {isa = PBXFileReference; fileEncoding = 4; lastKnownFileType = sourcecode.c.h; path = PayUModelPaymentRelatedDetail.h; sourceTree = "<group>"; };
		04B76F581E89392900337AC1 /* PayUModelStoredCard.h */ = {isa = PBXFileReference; fileEncoding = 4; lastKnownFileType = sourcecode.c.h; path = PayUModelStoredCard.h; sourceTree = "<group>"; };
		04B76F591E89392900337AC1 /* PayUModelVerifyPayment.h */ = {isa = PBXFileReference; fileEncoding = 4; lastKnownFileType = sourcecode.c.h; path = PayUModelVerifyPayment.h; sourceTree = "<group>"; };
		04B76F5A1E89392900337AC1 /* PayUReachability.h */ = {isa = PBXFileReference; fileEncoding = 4; lastKnownFileType = sourcecode.c.h; path = PayUReachability.h; sourceTree = "<group>"; };
		04B76F5B1E89392900337AC1 /* PayUSDKInfo.plist */ = {isa = PBXFileReference; fileEncoding = 4; lastKnownFileType = text.plist.xml; path = PayUSDKInfo.plist; sourceTree = "<group>"; };
		04B76F5C1E89392900337AC1 /* PayUSharedDataManager.h */ = {isa = PBXFileReference; fileEncoding = 4; lastKnownFileType = sourcecode.c.h; path = PayUSharedDataManager.h; sourceTree = "<group>"; };
		04B76F5D1E89392900337AC1 /* PayUUtils.h */ = {isa = PBXFileReference; fileEncoding = 4; lastKnownFileType = sourcecode.c.h; path = PayUUtils.h; sourceTree = "<group>"; };
		04B76F5E1E89392900337AC1 /* PayUValidations.h */ = {isa = PBXFileReference; fileEncoding = 4; lastKnownFileType = sourcecode.c.h; path = PayUValidations.h; sourceTree = "<group>"; };
		04B76F5F1E89392900337AC1 /* PayUWebServiceResponse.h */ = {isa = PBXFileReference; fileEncoding = 4; lastKnownFileType = sourcecode.c.h; path = PayUWebServiceResponse.h; sourceTree = "<group>"; };
		04B76F601E89392900337AC1 /* PayUWebViewResponse.h */ = {isa = PBXFileReference; fileEncoding = 4; lastKnownFileType = sourcecode.c.h; path = PayUWebViewResponse.h; sourceTree = "<group>"; };
		04B76F611E89392900337AC1 /* PayUWSManager.h */ = {isa = PBXFileReference; fileEncoding = 4; lastKnownFileType = sourcecode.c.h; path = PayUWSManager.h; sourceTree = "<group>"; };
		04B76F641E89392900337AC1 /* iOSDefaultActivityIndicator.h */ = {isa = PBXFileReference; fileEncoding = 4; lastKnownFileType = sourcecode.c.h; path = iOSDefaultActivityIndicator.h; sourceTree = "<group>"; };
		04B76F651E89392900337AC1 /* iOSDefaultActivityIndicator.m */ = {isa = PBXFileReference; fileEncoding = 4; lastKnownFileType = sourcecode.c.objc; path = iOSDefaultActivityIndicator.m; sourceTree = "<group>"; };
		04B76F671E89392900337AC1 /* PUUIEMITopView.h */ = {isa = PBXFileReference; fileEncoding = 4; lastKnownFileType = sourcecode.c.h; path = PUUIEMITopView.h; sourceTree = "<group>"; };
		04B76F681E89392900337AC1 /* PUUIEMITopView.m */ = {isa = PBXFileReference; fileEncoding = 4; lastKnownFileType = sourcecode.c.objc; path = PUUIEMITopView.m; sourceTree = "<group>"; };
		04B76F691E89392900337AC1 /* PUUIEMITopView.xib */ = {isa = PBXFileReference; fileEncoding = 4; lastKnownFileType = file.xib; path = PUUIEMITopView.xib; sourceTree = "<group>"; };
		04B76F6A1E89392900337AC1 /* PUUINBTopView.h */ = {isa = PBXFileReference; fileEncoding = 4; lastKnownFileType = sourcecode.c.h; path = PUUINBTopView.h; sourceTree = "<group>"; };
		04B76F6B1E89392900337AC1 /* PUUINBTopView.m */ = {isa = PBXFileReference; fileEncoding = 4; lastKnownFileType = sourcecode.c.objc; path = PUUINBTopView.m; sourceTree = "<group>"; };
		04B76F6C1E89392900337AC1 /* PUUIStoredCardView.h */ = {isa = PBXFileReference; fileEncoding = 4; lastKnownFileType = sourcecode.c.h; path = PUUIStoredCardView.h; sourceTree = "<group>"; };
		04B76F6D1E89392900337AC1 /* PUUIStoredCardView.m */ = {isa = PBXFileReference; fileEncoding = 4; lastKnownFileType = sourcecode.c.objc; path = PUUIStoredCardView.m; sourceTree = "<group>"; };
		04B76F6E1E89392900337AC1 /* PUUIStoredCardView.xib */ = {isa = PBXFileReference; fileEncoding = 4; lastKnownFileType = file.xib; path = PUUIStoredCardView.xib; sourceTree = "<group>"; };
		04B76F721E89392900337AC1 /* iCarousel.h */ = {isa = PBXFileReference; fileEncoding = 4; lastKnownFileType = sourcecode.c.h; path = iCarousel.h; sourceTree = "<group>"; };
		04B76F731E89392900337AC1 /* iCarousel.m */ = {isa = PBXFileReference; fileEncoding = 4; lastKnownFileType = sourcecode.c.objc; path = iCarousel.m; sourceTree = "<group>"; };
		04B76F761E89392900337AC1 /* PUUIBaseVC.h */ = {isa = PBXFileReference; fileEncoding = 4; lastKnownFileType = sourcecode.c.h; path = PUUIBaseVC.h; sourceTree = "<group>"; };
		04B76F771E89392900337AC1 /* PUUIBaseVC.m */ = {isa = PBXFileReference; fileEncoding = 4; lastKnownFileType = sourcecode.c.objc; path = PUUIBaseVC.m; sourceTree = "<group>"; };
		04B76F781E89392900337AC1 /* PUUIWrapperKHTabPagerVC.h */ = {isa = PBXFileReference; fileEncoding = 4; lastKnownFileType = sourcecode.c.h; path = PUUIWrapperKHTabPagerVC.h; sourceTree = "<group>"; };
		04B76F791E89392900337AC1 /* PUUIWrapperKHTabPagerVC.m */ = {isa = PBXFileReference; fileEncoding = 4; lastKnownFileType = sourcecode.c.objc; path = PUUIWrapperKHTabPagerVC.m; sourceTree = "<group>"; };
		04B76F7A1E89392900337AC1 /* PUUICardOptionVC.h */ = {isa = PBXFileReference; fileEncoding = 4; lastKnownFileType = sourcecode.c.h; path = PUUICardOptionVC.h; sourceTree = "<group>"; };
		04B76F7B1E89392900337AC1 /* PUUICardOptionVC.m */ = {isa = PBXFileReference; fileEncoding = 4; lastKnownFileType = sourcecode.c.objc; path = PUUICardOptionVC.m; sourceTree = "<group>"; };
		04B76F7C1E89392900337AC1 /* PUUICCDCVC.h */ = {isa = PBXFileReference; fileEncoding = 4; lastKnownFileType = sourcecode.c.h; path = PUUICCDCVC.h; sourceTree = "<group>"; };
		04B76F7D1E89392900337AC1 /* PUUICCDCVC.m */ = {isa = PBXFileReference; fileEncoding = 4; lastKnownFileType = sourcecode.c.objc; path = PUUICCDCVC.m; sourceTree = "<group>"; };
		04B76F7E1E89392900337AC1 /* PUUINBVC.h */ = {isa = PBXFileReference; fileEncoding = 4; lastKnownFileType = sourcecode.c.h; path = PUUINBVC.h; sourceTree = "<group>"; };
		04B76F7F1E89392900337AC1 /* PUUINBVC.m */ = {isa = PBXFileReference; fileEncoding = 4; lastKnownFileType = sourcecode.c.objc; path = PUUINBVC.m; sourceTree = "<group>"; };
		04B76F801E89392900337AC1 /* PUUIPaymentOptionVC.h */ = {isa = PBXFileReference; fileEncoding = 4; lastKnownFileType = sourcecode.c.h; path = PUUIPaymentOptionVC.h; sourceTree = "<group>"; };
		04B76F811E89392900337AC1 /* PUUIPaymentOptionVC.m */ = {isa = PBXFileReference; fileEncoding = 4; lastKnownFileType = sourcecode.c.objc; path = PUUIPaymentOptionVC.m; sourceTree = "<group>"; };
		04B76F821E89392900337AC1 /* PUUIPayUMoneyVC.h */ = {isa = PBXFileReference; fileEncoding = 4; lastKnownFileType = sourcecode.c.h; path = PUUIPayUMoneyVC.h; sourceTree = "<group>"; };
		04B76F831E89392900337AC1 /* PUUIPayUMoneyVC.m */ = {isa = PBXFileReference; fileEncoding = 4; lastKnownFileType = sourcecode.c.objc; path = PUUIPayUMoneyVC.m; sourceTree = "<group>"; };
		04B76F841E89392900337AC1 /* PUUIStoredCardCarouselVC.h */ = {isa = PBXFileReference; fileEncoding = 4; lastKnownFileType = sourcecode.c.h; path = PUUIStoredCardCarouselVC.h; sourceTree = "<group>"; };
		04B76F851E89392900337AC1 /* PUUIStoredCardCarouselVC.m */ = {isa = PBXFileReference; fileEncoding = 4; lastKnownFileType = sourcecode.c.objc; path = PUUIStoredCardCarouselVC.m; sourceTree = "<group>"; };
		04B76F861E89392900337AC1 /* PUUITabBarTopView.h */ = {isa = PBXFileReference; fileEncoding = 4; lastKnownFileType = sourcecode.c.h; path = PUUITabBarTopView.h; sourceTree = "<group>"; };
		04B76F871E89392900337AC1 /* PUUITabBarTopView.m */ = {isa = PBXFileReference; fileEncoding = 4; lastKnownFileType = sourcecode.c.objc; path = PUUITabBarTopView.m; sourceTree = "<group>"; };
		04B76F881E89392900337AC1 /* PUUITabBarTopView.xib */ = {isa = PBXFileReference; fileEncoding = 4; lastKnownFileType = file.xib; path = PUUITabBarTopView.xib; sourceTree = "<group>"; };
		04B76F891E89392900337AC1 /* PUUIWebViewVC.h */ = {isa = PBXFileReference; fileEncoding = 4; lastKnownFileType = sourcecode.c.h; path = PUUIWebViewVC.h; sourceTree = "<group>"; };
		04B76F8A1E89392900337AC1 /* PUUIWebViewVC.m */ = {isa = PBXFileReference; fileEncoding = 4; lastKnownFileType = sourcecode.c.objc; path = PUUIWebViewVC.m; sourceTree = "<group>"; };
		04B76F8B1E89392900337AC1 /* PUUIAssets.xcassets */ = {isa = PBXFileReference; lastKnownFileType = folder.assetcatalog; path = PUUIAssets.xcassets; sourceTree = "<group>"; };
		04B76F8E1E89392900337AC1 /* PUUIMainStoryBoard.storyboard */ = {isa = PBXFileReference; fileEncoding = 4; lastKnownFileType = file.storyboard; path = PUUIMainStoryBoard.storyboard; sourceTree = "<group>"; };
		04B76F911E89392900337AC1 /* KHTabPagerViewController.h */ = {isa = PBXFileReference; fileEncoding = 4; lastKnownFileType = sourcecode.c.h; path = KHTabPagerViewController.h; sourceTree = "<group>"; };
		04B76F921E89392900337AC1 /* KHTabPagerViewController.m */ = {isa = PBXFileReference; fileEncoding = 4; lastKnownFileType = sourcecode.c.objc; path = KHTabPagerViewController.m; sourceTree = "<group>"; };
		04B76F931E89392900337AC1 /* KHTabScrollView.h */ = {isa = PBXFileReference; fileEncoding = 4; lastKnownFileType = sourcecode.c.h; path = KHTabScrollView.h; sourceTree = "<group>"; };
		04B76F941E89392900337AC1 /* KHTabScrollView.m */ = {isa = PBXFileReference; fileEncoding = 4; lastKnownFileType = sourcecode.c.objc; path = KHTabScrollView.m; sourceTree = "<group>"; };
		04B76F951E89392900337AC1 /* PUUIConstants.h */ = {isa = PBXFileReference; fileEncoding = 4; lastKnownFileType = sourcecode.c.h; path = PUUIConstants.h; sourceTree = "<group>"; };
		04B76F961E89392900337AC1 /* PUUIConstants.m */ = {isa = PBXFileReference; fileEncoding = 4; lastKnownFileType = sourcecode.c.objc; path = PUUIConstants.m; sourceTree = "<group>"; };
		04B76F971E89392900337AC1 /* PUUIImageConstants.h */ = {isa = PBXFileReference; fileEncoding = 4; lastKnownFileType = sourcecode.c.h; path = PUUIImageConstants.h; sourceTree = "<group>"; };
		04B76F981E89392900337AC1 /* PUUIImageConstants.m */ = {isa = PBXFileReference; fileEncoding = 4; lastKnownFileType = sourcecode.c.objc; path = PUUIImageConstants.m; sourceTree = "<group>"; };
		04B76F991E89392900337AC1 /* PUUIUtility.h */ = {isa = PBXFileReference; fileEncoding = 4; lastKnownFileType = sourcecode.c.h; path = PUUIUtility.h; sourceTree = "<group>"; };
		04B76F9A1E89392900337AC1 /* PUUIUtility.m */ = {isa = PBXFileReference; fileEncoding = 4; lastKnownFileType = sourcecode.c.objc; path = PUUIUtility.m; sourceTree = "<group>"; };
		04B76F9C1E89392900337AC1 /* PUUIReachability.h */ = {isa = PBXFileReference; fileEncoding = 4; lastKnownFileType = sourcecode.c.h; path = PUUIReachability.h; sourceTree = "<group>"; };
		04B76F9D1E89392900337AC1 /* PUUIReachability.m */ = {isa = PBXFileReference; fileEncoding = 4; lastKnownFileType = sourcecode.c.objc; path = PUUIReachability.m; sourceTree = "<group>"; };
		04B76F9E1E89392900337AC1 /* UIColor+PUUIColor.h */ = {isa = PBXFileReference; fileEncoding = 4; lastKnownFileType = sourcecode.c.h; path = "UIColor+PUUIColor.h"; sourceTree = "<group>"; };
		04B76F9F1E89392900337AC1 /* UIColor+PUUIColor.m */ = {isa = PBXFileReference; fileEncoding = 4; lastKnownFileType = sourcecode.c.objc; path = "UIColor+PUUIColor.m"; sourceTree = "<group>"; };
		04B76FCD1E8939B000337AC1 /* libz.tbd */ = {isa = PBXFileReference; lastKnownFileType = "sourcecode.text-based-dylib-definition"; name = libz.tbd; path = usr/lib/libz.tbd; sourceTree = SDKROOT; };
		04B76FCF1E8939D600337AC1 /* WebKit.framework */ = {isa = PBXFileReference; lastKnownFileType = wrapper.framework; name = WebKit.framework; path = System/Library/Frameworks/WebKit.framework; sourceTree = SDKROOT; };
		04B76FD11E8939E300337AC1 /* SystemConfiguration.framework */ = {isa = PBXFileReference; lastKnownFileType = wrapper.framework; name = SystemConfiguration.framework; path = System/Library/Frameworks/SystemConfiguration.framework; sourceTree = SDKROOT; };
		04B76FD31E893D6400337AC1 /* Header.h */ = {isa = PBXFileReference; lastKnownFileType = sourcecode.c.h; path = Header.h; sourceTree = "<group>"; };
/* End PBXFileReference section */

/* Begin PBXFrameworksBuildPhase section */
		04B76EF41E89357A00337AC1 /* Frameworks */ = {
			isa = PBXFrameworksBuildPhase;
			buildActionMask = 2147483647;
			files = (
				04B76FD21E8939E300337AC1 /* SystemConfiguration.framework in Frameworks */,
				04B76FD01E8939D600337AC1 /* WebKit.framework in Frameworks */,
				04B76FCE1E8939B000337AC1 /* libz.tbd in Frameworks */,
				04B76FAF1E89392900337AC1 /* libPayU_iOS_CoreSDK.a in Frameworks */,
				04B76FAE1E89392900337AC1 /* libiOSCustomBrowser.a in Frameworks */,
			);
			runOnlyForDeploymentPostprocessing = 0;
		};
		04B76F081E89357B00337AC1 /* Frameworks */ = {
			isa = PBXFrameworksBuildPhase;
			buildActionMask = 2147483647;
			files = (
			);
			runOnlyForDeploymentPostprocessing = 0;
		};
		04B76F131E89357B00337AC1 /* Frameworks */ = {
			isa = PBXFrameworksBuildPhase;
			buildActionMask = 2147483647;
			files = (
			);
			runOnlyForDeploymentPostprocessing = 0;
		};
/* End PBXFrameworksBuildPhase section */

/* Begin PBXGroup section */
		04B310CE1E8A1DD00002E042 /* BusinessLayer */ = {
			isa = PBXGroup;
			children = (
				04B310CF1E8A1DD00002E042 /* PUSAHelperClass.h */,
				04B310D01E8A1DD00002E042 /* PUSAHelperClass.m */,
				04B310D11E8A1DD00002E042 /* PUSAWSManager.h */,
				04B310D21E8A1DD00002E042 /* PUSAWSManager.m */,
			);
			path = BusinessLayer;
			sourceTree = "<group>";
		};
		04B76EEE1E89357A00337AC1 = {
			isa = PBXGroup;
			children = (
				04B76EF91E89357A00337AC1 /* samplePayUmoney */,
				04B76F0E1E89357B00337AC1 /* samplePayUmoneyTests */,
				04B76F191E89357B00337AC1 /* samplePayUmoneyUITests */,
				04B76EF81E89357A00337AC1 /* Products */,
				04B76FCC1E8939B000337AC1 /* Frameworks */,
			);
			sourceTree = "<group>";
		};
		04B76EF81E89357A00337AC1 /* Products */ = {
			isa = PBXGroup;
			children = (
				04B76EF71E89357A00337AC1 /* samplePayUmoney.app */,
				04B76F0B1E89357B00337AC1 /* samplePayUmoneyTests.xctest */,
				04B76F161E89357B00337AC1 /* samplePayUmoneyUITests.xctest */,
			);
			name = Products;
			sourceTree = "<group>";
		};
		04B76EF91E89357A00337AC1 /* samplePayUmoney */ = {
			isa = PBXGroup;
			children = (
				04B76F281E89392900337AC1 /* PayU */,
				04B310CE1E8A1DD00002E042 /* BusinessLayer */,
				04B76EFA1E89357A00337AC1 /* AppDelegate.swift */,
				04B76FD31E893D6400337AC1 /* Header.h */,
				04B76EFC1E89357A00337AC1 /* ViewController.swift */,
				04B76EFE1E89357A00337AC1 /* Main.storyboard */,
				04B76F011E89357A00337AC1 /* Assets.xcassets */,
				04B76F031E89357A00337AC1 /* LaunchScreen.storyboard */,
				04B76F061E89357A00337AC1 /* Info.plist */,
			);
			path = samplePayUmoney;
			sourceTree = "<group>";
		};
		04B76F0E1E89357B00337AC1 /* samplePayUmoneyTests */ = {
			isa = PBXGroup;
			children = (
				04B76F0F1E89357B00337AC1 /* samplePayUmoneyTests.swift */,
				04B76F111E89357B00337AC1 /* Info.plist */,
			);
			path = samplePayUmoneyTests;
			sourceTree = "<group>";
		};
		04B76F191E89357B00337AC1 /* samplePayUmoneyUITests */ = {
			isa = PBXGroup;
			children = (
				04B76F1A1E89357B00337AC1 /* samplePayUmoneyUITests.swift */,
				04B76F1C1E89357B00337AC1 /* Info.plist */,
			);
			path = samplePayUmoneyUITests;
			sourceTree = "<group>";
		};
		04B76F281E89392900337AC1 /* PayU */ = {
			isa = PBXGroup;
			children = (
				04B76F291E89392900337AC1 /* CB */,
				04B76F421E89392900337AC1 /* SDK */,
				04B76F621E89392900337AC1 /* SDKUI */,
			);
			path = PayU;
			sourceTree = "<group>";
		};
		04B76F291E89392900337AC1 /* CB */ = {
			isa = PBXGroup;
			children = (
				04B76F2A1E89392900337AC1 /* iOSCustomBrowser */,
				04B76F411E89392900337AC1 /* libiOSCustomBrowser.a */,
			);
			path = CB;
			sourceTree = "<group>";
		};
		04B76F2A1E89392900337AC1 /* iOSCustomBrowser */ = {
			isa = PBXGroup;
			children = (
				04B76F2B1E89392900337AC1 /* CBConnection.h */,
				04B76F2C1E89392900337AC1 /* CBConstant.h */,
				04B76F2D1E89392900337AC1 /* CBWKConnection.h */,
				04B76F2E1E89392900337AC1 /* PayU_CB_SDK.h */,
				04B76F2F1E89392900337AC1 /* PayUCBInfo.plist */,
				04B76F301E89392900337AC1 /* PayUCBWebViewResponseDelegate.h */,
				04B76F311E89392900337AC1 /* PUCBAllPaymentOption.xib */,
				04B76F321E89392900337AC1 /* PUCBApproveView.xib */,
				04B76F331E89392900337AC1 /* PUCBBankPageLoading.xib */,
				04B76F341E89392900337AC1 /* PUCBBaseConnection.h */,
				04B76F351E89392900337AC1 /* PUCBConfiguration.h */,
				04B76F361E89392900337AC1 /* PUCBFooterView.xib */,
				04B76F371E89392900337AC1 /* PUCBHeaderView.xib */,
				04B76F381E89392900337AC1 /* PUCBImages.xcassets */,
				04B76F391E89392900337AC1 /* PUCBLoader.xib */,
				04B76F3A1E89392900337AC1 /* PUCBPassowrdWithIncorrectOTPView.xib */,
				04B76F3B1E89392900337AC1 /* PUCBPasswordNB.xib */,
				04B76F3C1E89392900337AC1 /* PUCBRegenerateOTPView.xib */,
				04B76F3D1E89392900337AC1 /* PUCBRegisterOption.xib */,
				04B76F3E1E89392900337AC1 /* PUCBUserIdNB.xib */,
				04B76F3F1E89392900337AC1 /* PUCBWebVC.h */,
				04B76F401E89392900337AC1 /* PUCBWKTest.html */,
			);
			path = iOSCustomBrowser;
			sourceTree = "<group>";
		};
		04B76F421E89392900337AC1 /* SDK */ = {
			isa = PBXGroup;
			children = (
				04B76F431E89392900337AC1 /* libPayU_iOS_CoreSDK.a */,
				04B76F441E89392900337AC1 /* PayU_iOS_CoreSDK */,
			);
			path = SDK;
			sourceTree = "<group>";
		};
		04B76F441E89392900337AC1 /* PayU_iOS_CoreSDK */ = {
			isa = PBXGroup;
			children = (
				04B76F451E89392900337AC1 /* CoreTelephony.h */,
				04B76F461E89392900337AC1 /* PayU_iOS_CoreSDK.h */,
				04B76F471E89392900337AC1 /* PayUConstants.h */,
				04B76F481E89392900337AC1 /* PayUCreatePostParam.h */,
				04B76F491E89392900337AC1 /* PayUCreateRequest.h */,
				04B76F4A1E89392900337AC1 /* PayUDontUseThisClass.h */,
				04B76F4B1E89392900337AC1 /* PayUFileManager.h */,
				04B76F4C1E89392900337AC1 /* PayUJSONParser.h */,
				04B76F4D1E89392900337AC1 /* PayUModelCashCard.h */,
				04B76F4E1E89392900337AC1 /* PayUModelCheckIsDomestic.h */,
				04B76F4F1E89392900337AC1 /* PayUModelEMI.h */,
				04B76F501E89392900337AC1 /* PayUModelEMIDetails.h */,
				04B76F511E89392900337AC1 /* PayUModelGetTxnInfo.h */,
				04B76F521E89392900337AC1 /* PayUModelHashes.h */,
				04B76F531E89392900337AC1 /* PayUModelNetBanking.h */,
				04B76F541E89392900337AC1 /* PayUModelOfferDetails.h */,
				04B76F551E89392900337AC1 /* PayUModelOfferStatus.h */,
				04B76F561E89392900337AC1 /* PayUModelPaymentParams.h */,
				04B76F571E89392900337AC1 /* PayUModelPaymentRelatedDetail.h */,
				04B76F581E89392900337AC1 /* PayUModelStoredCard.h */,
				04B76F591E89392900337AC1 /* PayUModelVerifyPayment.h */,
				04B76F5A1E89392900337AC1 /* PayUReachability.h */,
				04B76F5B1E89392900337AC1 /* PayUSDKInfo.plist */,
				04B76F5C1E89392900337AC1 /* PayUSharedDataManager.h */,
				04B76F5D1E89392900337AC1 /* PayUUtils.h */,
				04B76F5E1E89392900337AC1 /* PayUValidations.h */,
				04B76F5F1E89392900337AC1 /* PayUWebServiceResponse.h */,
				04B76F601E89392900337AC1 /* PayUWebViewResponse.h */,
				04B76F611E89392900337AC1 /* PayUWSManager.h */,
			);
			path = PayU_iOS_CoreSDK;
			sourceTree = "<group>";
		};
		04B76F621E89392900337AC1 /* SDKUI */ = {
			isa = PBXGroup;
			children = (
				04B76F631E89392900337AC1 /* BusinessLayer */,
				04B76F661E89392900337AC1 /* CustomViews */,
				04B76F6F1E89392900337AC1 /* Frameworks */,
				04B76F741E89392900337AC1 /* Presentation Layer */,
				04B76F8B1E89392900337AC1 /* PUUIAssets.xcassets */,
				04B76F8C1E89392900337AC1 /* Resources */,
				04B76F8F1E89392900337AC1 /* Utility */,
			);
			path = SDKUI;
			sourceTree = "<group>";
		};
		04B76F631E89392900337AC1 /* BusinessLayer */ = {
			isa = PBXGroup;
			children = (
				04B76F641E89392900337AC1 /* iOSDefaultActivityIndicator.h */,
				04B76F651E89392900337AC1 /* iOSDefaultActivityIndicator.m */,
			);
			path = BusinessLayer;
			sourceTree = "<group>";
		};
		04B76F661E89392900337AC1 /* CustomViews */ = {
			isa = PBXGroup;
			children = (
				04B76F671E89392900337AC1 /* PUUIEMITopView.h */,
				04B76F681E89392900337AC1 /* PUUIEMITopView.m */,
				04B76F691E89392900337AC1 /* PUUIEMITopView.xib */,
				04B76F6A1E89392900337AC1 /* PUUINBTopView.h */,
				04B76F6B1E89392900337AC1 /* PUUINBTopView.m */,
				04B76F6C1E89392900337AC1 /* PUUIStoredCardView.h */,
				04B76F6D1E89392900337AC1 /* PUUIStoredCardView.m */,
				04B76F6E1E89392900337AC1 /* PUUIStoredCardView.xib */,
			);
			path = CustomViews;
			sourceTree = "<group>";
		};
		04B76F6F1E89392900337AC1 /* Frameworks */ = {
			isa = PBXGroup;
			children = (
				04B76F701E89392900337AC1 /* ThirdParty */,
			);
			path = Frameworks;
			sourceTree = "<group>";
		};
		04B76F701E89392900337AC1 /* ThirdParty */ = {
			isa = PBXGroup;
			children = (
				04B76F711E89392900337AC1 /* iCarousel */,
			);
			path = ThirdParty;
			sourceTree = "<group>";
		};
		04B76F711E89392900337AC1 /* iCarousel */ = {
			isa = PBXGroup;
			children = (
				04B76F721E89392900337AC1 /* iCarousel.h */,
				04B76F731E89392900337AC1 /* iCarousel.m */,
			);
			path = iCarousel;
			sourceTree = "<group>";
		};
		04B76F741E89392900337AC1 /* Presentation Layer */ = {
			isa = PBXGroup;
			children = (
				04B76F751E89392900337AC1 /* Base ViewController */,
				04B76F7A1E89392900337AC1 /* PUUICardOptionVC.h */,
				04B76F7B1E89392900337AC1 /* PUUICardOptionVC.m */,
				04B76F7C1E89392900337AC1 /* PUUICCDCVC.h */,
				04B76F7D1E89392900337AC1 /* PUUICCDCVC.m */,
				04B76F7E1E89392900337AC1 /* PUUINBVC.h */,
				04B76F7F1E89392900337AC1 /* PUUINBVC.m */,
				04B76F801E89392900337AC1 /* PUUIPaymentOptionVC.h */,
				04B76F811E89392900337AC1 /* PUUIPaymentOptionVC.m */,
				04B76F821E89392900337AC1 /* PUUIPayUMoneyVC.h */,
				04B76F831E89392900337AC1 /* PUUIPayUMoneyVC.m */,
				04B76F841E89392900337AC1 /* PUUIStoredCardCarouselVC.h */,
				04B76F851E89392900337AC1 /* PUUIStoredCardCarouselVC.m */,
				04B76F861E89392900337AC1 /* PUUITabBarTopView.h */,
				04B76F871E89392900337AC1 /* PUUITabBarTopView.m */,
				04B76F881E89392900337AC1 /* PUUITabBarTopView.xib */,
				04B76F891E89392900337AC1 /* PUUIWebViewVC.h */,
				04B76F8A1E89392900337AC1 /* PUUIWebViewVC.m */,
			);
			path = "Presentation Layer";
			sourceTree = "<group>";
		};
		04B76F751E89392900337AC1 /* Base ViewController */ = {
			isa = PBXGroup;
			children = (
				04B76F761E89392900337AC1 /* PUUIBaseVC.h */,
				04B76F771E89392900337AC1 /* PUUIBaseVC.m */,
				04B76F781E89392900337AC1 /* PUUIWrapperKHTabPagerVC.h */,
				04B76F791E89392900337AC1 /* PUUIWrapperKHTabPagerVC.m */,
			);
			path = "Base ViewController";
			sourceTree = "<group>";
		};
		04B76F8C1E89392900337AC1 /* Resources */ = {
			isa = PBXGroup;
			children = (
				04B76F8D1E89392900337AC1 /* StoryBoard */,
			);
			path = Resources;
			sourceTree = "<group>";
		};
		04B76F8D1E89392900337AC1 /* StoryBoard */ = {
			isa = PBXGroup;
			children = (
				04B76F8E1E89392900337AC1 /* PUUIMainStoryBoard.storyboard */,
			);
			path = StoryBoard;
			sourceTree = "<group>";
		};
		04B76F8F1E89392900337AC1 /* Utility */ = {
			isa = PBXGroup;
			children = (
				04B76F901E89392900337AC1 /* KHTabPagerViewController */,
				04B76F951E89392900337AC1 /* PUUIConstants.h */,
				04B76F961E89392900337AC1 /* PUUIConstants.m */,
				04B76F971E89392900337AC1 /* PUUIImageConstants.h */,
				04B76F981E89392900337AC1 /* PUUIImageConstants.m */,
				04B76F991E89392900337AC1 /* PUUIUtility.h */,
				04B76F9A1E89392900337AC1 /* PUUIUtility.m */,
				04B76F9B1E89392900337AC1 /* Reachability */,
				04B76F9E1E89392900337AC1 /* UIColor+PUUIColor.h */,
				04B76F9F1E89392900337AC1 /* UIColor+PUUIColor.m */,
			);
			path = Utility;
			sourceTree = "<group>";
		};
		04B76F901E89392900337AC1 /* KHTabPagerViewController */ = {
			isa = PBXGroup;
			children = (
				04B76F911E89392900337AC1 /* KHTabPagerViewController.h */,
				04B76F921E89392900337AC1 /* KHTabPagerViewController.m */,
				04B76F931E89392900337AC1 /* KHTabScrollView.h */,
				04B76F941E89392900337AC1 /* KHTabScrollView.m */,
			);
			path = KHTabPagerViewController;
			sourceTree = "<group>";
		};
		04B76F9B1E89392900337AC1 /* Reachability */ = {
			isa = PBXGroup;
			children = (
				04B76F9C1E89392900337AC1 /* PUUIReachability.h */,
				04B76F9D1E89392900337AC1 /* PUUIReachability.m */,
			);
			path = Reachability;
			sourceTree = "<group>";
		};
		04B76FCC1E8939B000337AC1 /* Frameworks */ = {
			isa = PBXGroup;
			children = (
				04B76FD11E8939E300337AC1 /* SystemConfiguration.framework */,
				04B76FCF1E8939D600337AC1 /* WebKit.framework */,
				04B76FCD1E8939B000337AC1 /* libz.tbd */,
			);
			name = Frameworks;
			sourceTree = "<group>";
		};
/* End PBXGroup section */

/* Begin PBXNativeTarget section */
		04B76EF61E89357A00337AC1 /* samplePayUmoney */ = {
			isa = PBXNativeTarget;
			buildConfigurationList = 04B76F1F1E89357B00337AC1 /* Build configuration list for PBXNativeTarget "samplePayUmoney" */;
			buildPhases = (
				04B76EF31E89357A00337AC1 /* Sources */,
				04B76EF41E89357A00337AC1 /* Frameworks */,
				04B76EF51E89357A00337AC1 /* Resources */,
			);
			buildRules = (
			);
			dependencies = (
			);
			name = samplePayUmoney;
			productName = samplePayUmoney;
			productReference = 04B76EF71E89357A00337AC1 /* samplePayUmoney.app */;
			productType = "com.apple.product-type.application";
		};
		04B76F0A1E89357B00337AC1 /* samplePayUmoneyTests */ = {
			isa = PBXNativeTarget;
			buildConfigurationList = 04B76F221E89357B00337AC1 /* Build configuration list for PBXNativeTarget "samplePayUmoneyTests" */;
			buildPhases = (
				04B76F071E89357B00337AC1 /* Sources */,
				04B76F081E89357B00337AC1 /* Frameworks */,
				04B76F091E89357B00337AC1 /* Resources */,
			);
			buildRules = (
			);
			dependencies = (
				04B76F0D1E89357B00337AC1 /* PBXTargetDependency */,
			);
			name = samplePayUmoneyTests;
			productName = samplePayUmoneyTests;
			productReference = 04B76F0B1E89357B00337AC1 /* samplePayUmoneyTests.xctest */;
			productType = "com.apple.product-type.bundle.unit-test";
		};
		04B76F151E89357B00337AC1 /* samplePayUmoneyUITests */ = {
			isa = PBXNativeTarget;
			buildConfigurationList = 04B76F251E89357B00337AC1 /* Build configuration list for PBXNativeTarget "samplePayUmoneyUITests" */;
			buildPhases = (
				04B76F121E89357B00337AC1 /* Sources */,
				04B76F131E89357B00337AC1 /* Frameworks */,
				04B76F141E89357B00337AC1 /* Resources */,
			);
			buildRules = (
			);
			dependencies = (
				04B76F181E89357B00337AC1 /* PBXTargetDependency */,
			);
			name = samplePayUmoneyUITests;
			productName = samplePayUmoneyUITests;
			productReference = 04B76F161E89357B00337AC1 /* samplePayUmoneyUITests.xctest */;
			productType = "com.apple.product-type.bundle.ui-testing";
		};
/* End PBXNativeTarget section */

/* Begin PBXProject section */
		04B76EEF1E89357A00337AC1 /* Project object */ = {
			isa = PBXProject;
			attributes = {
				LastSwiftUpdateCheck = 0800;
				LastUpgradeCheck = 0800;
				ORGANIZATIONNAME = MAC;
				TargetAttributes = {
					04B76EF61E89357A00337AC1 = {
						CreatedOnToolsVersion = 8.0;
						ProvisioningStyle = Automatic;
					};
					04B76F0A1E89357B00337AC1 = {
						CreatedOnToolsVersion = 8.0;
						ProvisioningStyle = Automatic;
						TestTargetID = 04B76EF61E89357A00337AC1;
					};
					04B76F151E89357B00337AC1 = {
						CreatedOnToolsVersion = 8.0;
						ProvisioningStyle = Automatic;
						TestTargetID = 04B76EF61E89357A00337AC1;
					};
				};
			};
			buildConfigurationList = 04B76EF21E89357A00337AC1 /* Build configuration list for PBXProject "samplePayUmoney" */;
			compatibilityVersion = "Xcode 3.2";
			developmentRegion = English;
			hasScannedForEncodings = 0;
			knownRegions = (
				en,
				Base,
			);
			mainGroup = 04B76EEE1E89357A00337AC1;
			productRefGroup = 04B76EF81E89357A00337AC1 /* Products */;
			projectDirPath = "";
			projectRoot = "";
			targets = (
				04B76EF61E89357A00337AC1 /* samplePayUmoney */,
				04B76F0A1E89357B00337AC1 /* samplePayUmoneyTests */,
				04B76F151E89357B00337AC1 /* samplePayUmoneyUITests */,
			);
		};
/* End PBXProject section */

/* Begin PBXResourcesBuildPhase section */
		04B76EF51E89357A00337AC1 /* Resources */ = {
			isa = PBXResourcesBuildPhase;
			buildActionMask = 2147483647;
			files = (
				04B76FAA1E89392900337AC1 /* PUCBRegenerateOTPView.xib in Resources */,
				04B76FC31E89392900337AC1 /* PUUIAssets.xcassets in Resources */,
				04B76FA51E89392900337AC1 /* PUCBHeaderView.xib in Resources */,
				04B76FA61E89392900337AC1 /* PUCBImages.xcassets in Resources */,
				04B76FAD1E89392900337AC1 /* PUCBWKTest.html in Resources */,
				04B76FB01E89392900337AC1 /* PayUSDKInfo.plist in Resources */,
				04B76FA31E89392900337AC1 /* PUCBBankPageLoading.xib in Resources */,
				04B76FC11E89392900337AC1 /* PUUITabBarTopView.xib in Resources */,
				04B76FA21E89392900337AC1 /* PUCBApproveView.xib in Resources */,
				04B76F051E89357A00337AC1 /* LaunchScreen.storyboard in Resources */,
				04B76FB61E89392900337AC1 /* PUUIStoredCardView.xib in Resources */,
				04B76FA81E89392900337AC1 /* PUCBPassowrdWithIncorrectOTPView.xib in Resources */,
				04B76FAC1E89392900337AC1 /* PUCBUserIdNB.xib in Resources */,
				04B76FB31E89392900337AC1 /* PUUIEMITopView.xib in Resources */,
				04B76FA11E89392900337AC1 /* PUCBAllPaymentOption.xib in Resources */,
				04B76F021E89357A00337AC1 /* Assets.xcassets in Resources */,
				04B76FA01E89392900337AC1 /* PayUCBInfo.plist in Resources */,
				04B76FAB1E89392900337AC1 /* PUCBRegisterOption.xib in Resources */,
				04B76FA91E89392900337AC1 /* PUCBPasswordNB.xib in Resources */,
				04B76F001E89357A00337AC1 /* Main.storyboard in Resources */,
				04B76FA71E89392900337AC1 /* PUCBLoader.xib in Resources */,
				04B76FA41E89392900337AC1 /* PUCBFooterView.xib in Resources */,
				04B76FC41E89392900337AC1 /* PUUIMainStoryBoard.storyboard in Resources */,
			);
			runOnlyForDeploymentPostprocessing = 0;
		};
		04B76F091E89357B00337AC1 /* Resources */ = {
			isa = PBXResourcesBuildPhase;
			buildActionMask = 2147483647;
			files = (
			);
			runOnlyForDeploymentPostprocessing = 0;
		};
		04B76F141E89357B00337AC1 /* Resources */ = {
			isa = PBXResourcesBuildPhase;
			buildActionMask = 2147483647;
			files = (
			);
			runOnlyForDeploymentPostprocessing = 0;
		};
/* End PBXResourcesBuildPhase section */

/* Begin PBXSourcesBuildPhase section */
		04B76EF31E89357A00337AC1 /* Sources */ = {
			isa = PBXSourcesBuildPhase;
			buildActionMask = 2147483647;
			files = (
				04B76FB51E89392900337AC1 /* PUUIStoredCardView.m in Sources */,
				04B76FC91E89392900337AC1 /* PUUIUtility.m in Sources */,
				04B76FBD1E89392900337AC1 /* PUUIPaymentOptionVC.m in Sources */,
				04B76FC61E89392900337AC1 /* KHTabScrollView.m in Sources */,
				04B76EFD1E89357A00337AC1 /* ViewController.swift in Sources */,
				04B76FC51E89392900337AC1 /* KHTabPagerViewController.m in Sources */,
				04B76FBA1E89392900337AC1 /* PUUICardOptionVC.m in Sources */,
				04B76FC71E89392900337AC1 /* PUUIConstants.m in Sources */,
				04B76FCB1E89392900337AC1 /* UIColor+PUUIColor.m in Sources */,
				04B76EFB1E89357A00337AC1 /* AppDelegate.swift in Sources */,
				04B76FB41E89392900337AC1 /* PUUINBTopView.m in Sources */,
				04B76FBC1E89392900337AC1 /* PUUINBVC.m in Sources */,
				04B76FCA1E89392900337AC1 /* PUUIReachability.m in Sources */,
				04B76FC81E89392900337AC1 /* PUUIImageConstants.m in Sources */,
				04B310D41E8A1DD00002E042 /* PUSAWSManager.m in Sources */,
				04B76FB91E89392900337AC1 /* PUUIWrapperKHTabPagerVC.m in Sources */,
				04B76FBB1E89392900337AC1 /* PUUICCDCVC.m in Sources */,
				04B76FBF1E89392900337AC1 /* PUUIStoredCardCarouselVC.m in Sources */,
				04B76FC21E89392900337AC1 /* PUUIWebViewVC.m in Sources */,
				04B76FBE1E89392900337AC1 /* PUUIPayUMoneyVC.m in Sources */,
				04B76FC01E89392900337AC1 /* PUUITabBarTopView.m in Sources */,
				04B76FB11E89392900337AC1 /* iOSDefaultActivityIndicator.m in Sources */,
				04B76FB71E89392900337AC1 /* iCarousel.m in Sources */,
				04B310D31E8A1DD00002E042 /* PUSAHelperClass.m in Sources */,
				04B76FB81E89392900337AC1 /* PUUIBaseVC.m in Sources */,
				04B76FB21E89392900337AC1 /* PUUIEMITopView.m in Sources */,
			);
			runOnlyForDeploymentPostprocessing = 0;
		};
		04B76F071E89357B00337AC1 /* Sources */ = {
			isa = PBXSourcesBuildPhase;
			buildActionMask = 2147483647;
			files = (
				04B76F101E89357B00337AC1 /* samplePayUmoneyTests.swift in Sources */,
			);
			runOnlyForDeploymentPostprocessing = 0;
		};
		04B76F121E89357B00337AC1 /* Sources */ = {
			isa = PBXSourcesBuildPhase;
			buildActionMask = 2147483647;
			files = (
				04B76F1B1E89357B00337AC1 /* samplePayUmoneyUITests.swift in Sources */,
			);
			runOnlyForDeploymentPostprocessing = 0;
		};
/* End PBXSourcesBuildPhase section */

/* Begin PBXTargetDependency section */
		04B76F0D1E89357B00337AC1 /* PBXTargetDependency */ = {
			isa = PBXTargetDependency;
			target = 04B76EF61E89357A00337AC1 /* samplePayUmoney */;
			targetProxy = 04B76F0C1E89357B00337AC1 /* PBXContainerItemProxy */;
		};
		04B76F181E89357B00337AC1 /* PBXTargetDependency */ = {
			isa = PBXTargetDependency;
			target = 04B76EF61E89357A00337AC1 /* samplePayUmoney */;
			targetProxy = 04B76F171E89357B00337AC1 /* PBXContainerItemProxy */;
		};
/* End PBXTargetDependency section */

/* Begin PBXVariantGroup section */
		04B76EFE1E89357A00337AC1 /* Main.storyboard */ = {
			isa = PBXVariantGroup;
			children = (
				04B76EFF1E89357A00337AC1 /* Base */,
			);
			name = Main.storyboard;
			sourceTree = "<group>";
		};
		04B76F031E89357A00337AC1 /* LaunchScreen.storyboard */ = {
			isa = PBXVariantGroup;
			children = (
				04B76F041E89357A00337AC1 /* Base */,
			);
			name = LaunchScreen.storyboard;
			sourceTree = "<group>";
		};
/* End PBXVariantGroup section */

/* Begin XCBuildConfiguration section */
		04B76F1D1E89357B00337AC1 /* Debug */ = {
			isa = XCBuildConfiguration;
			buildSettings = {
				ALWAYS_SEARCH_USER_PATHS = NO;
				CLANG_ANALYZER_NONNULL = YES;
				CLANG_CXX_LANGUAGE_STANDARD = "gnu++0x";
				CLANG_CXX_LIBRARY = "libc++";
				CLANG_ENABLE_MODULES = YES;
				CLANG_ENABLE_OBJC_ARC = YES;
				CLANG_WARN_BOOL_CONVERSION = YES;
				CLANG_WARN_CONSTANT_CONVERSION = YES;
				CLANG_WARN_DIRECT_OBJC_ISA_USAGE = YES_ERROR;
				CLANG_WARN_DOCUMENTATION_COMMENTS = YES;
				CLANG_WARN_EMPTY_BODY = YES;
				CLANG_WARN_ENUM_CONVERSION = YES;
				CLANG_WARN_INFINITE_RECURSION = YES;
				CLANG_WARN_INT_CONVERSION = YES;
				CLANG_WARN_OBJC_ROOT_CLASS = YES_ERROR;
				CLANG_WARN_SUSPICIOUS_MOVES = YES;
				CLANG_WARN_UNREACHABLE_CODE = YES;
				CLANG_WARN__DUPLICATE_METHOD_MATCH = YES;
				"CODE_SIGN_IDENTITY[sdk=iphoneos*]" = "iPhone Developer";
				COPY_PHASE_STRIP = NO;
				DEBUG_INFORMATION_FORMAT = dwarf;
				ENABLE_STRICT_OBJC_MSGSEND = YES;
				ENABLE_TESTABILITY = YES;
				GCC_C_LANGUAGE_STANDARD = gnu99;
				GCC_DYNAMIC_NO_PIC = NO;
				GCC_NO_COMMON_BLOCKS = YES;
				GCC_OPTIMIZATION_LEVEL = 0;
				GCC_PREPROCESSOR_DEFINITIONS = (
					"DEBUG=1",
					"$(inherited)",
				);
				GCC_WARN_64_TO_32_BIT_CONVERSION = YES;
				GCC_WARN_ABOUT_RETURN_TYPE = YES_ERROR;
				GCC_WARN_UNDECLARED_SELECTOR = YES;
				GCC_WARN_UNINITIALIZED_AUTOS = YES_AGGRESSIVE;
				GCC_WARN_UNUSED_FUNCTION = YES;
				GCC_WARN_UNUSED_VARIABLE = YES;
				IPHONEOS_DEPLOYMENT_TARGET = 10.0;
				MTL_ENABLE_DEBUG_INFO = YES;
				ONLY_ACTIVE_ARCH = YES;
				SDKROOT = iphoneos;
				SWIFT_ACTIVE_COMPILATION_CONDITIONS = DEBUG;
				SWIFT_OPTIMIZATION_LEVEL = "-Onone";
				TARGETED_DEVICE_FAMILY = "1,2";
			};
			name = Debug;
		};
		04B76F1E1E89357B00337AC1 /* Release */ = {
			isa = XCBuildConfiguration;
			buildSettings = {
				ALWAYS_SEARCH_USER_PATHS = NO;
				CLANG_ANALYZER_NONNULL = YES;
				CLANG_CXX_LANGUAGE_STANDARD = "gnu++0x";
				CLANG_CXX_LIBRARY = "libc++";
				CLANG_ENABLE_MODULES = YES;
				CLANG_ENABLE_OBJC_ARC = YES;
				CLANG_WARN_BOOL_CONVERSION = YES;
				CLANG_WARN_CONSTANT_CONVERSION = YES;
				CLANG_WARN_DIRECT_OBJC_ISA_USAGE = YES_ERROR;
				CLANG_WARN_DOCUMENTATION_COMMENTS = YES;
				CLANG_WARN_EMPTY_BODY = YES;
				CLANG_WARN_ENUM_CONVERSION = YES;
				CLANG_WARN_INFINITE_RECURSION = YES;
				CLANG_WARN_INT_CONVERSION = YES;
				CLANG_WARN_OBJC_ROOT_CLASS = YES_ERROR;
				CLANG_WARN_SUSPICIOUS_MOVES = YES;
				CLANG_WARN_UNREACHABLE_CODE = YES;
				CLANG_WARN__DUPLICATE_METHOD_MATCH = YES;
				"CODE_SIGN_IDENTITY[sdk=iphoneos*]" = "iPhone Developer";
				COPY_PHASE_STRIP = NO;
				DEBUG_INFORMATION_FORMAT = "dwarf-with-dsym";
				ENABLE_NS_ASSERTIONS = NO;
				ENABLE_STRICT_OBJC_MSGSEND = YES;
				GCC_C_LANGUAGE_STANDARD = gnu99;
				GCC_NO_COMMON_BLOCKS = YES;
				GCC_WARN_64_TO_32_BIT_CONVERSION = YES;
				GCC_WARN_ABOUT_RETURN_TYPE = YES_ERROR;
				GCC_WARN_UNDECLARED_SELECTOR = YES;
				GCC_WARN_UNINITIALIZED_AUTOS = YES_AGGRESSIVE;
				GCC_WARN_UNUSED_FUNCTION = YES;
				GCC_WARN_UNUSED_VARIABLE = YES;
				IPHONEOS_DEPLOYMENT_TARGET = 10.0;
				MTL_ENABLE_DEBUG_INFO = NO;
				SDKROOT = iphoneos;
				SWIFT_OPTIMIZATION_LEVEL = "-Owholemodule";
				TARGETED_DEVICE_FAMILY = "1,2";
				VALIDATE_PRODUCT = YES;
			};
			name = Release;
		};
		04B76F201E89357B00337AC1 /* Debug */ = {
			isa = XCBuildConfiguration;
			buildSettings = {
				ASSETCATALOG_COMPILER_APPICON_NAME = AppIcon;
				INFOPLIST_FILE = samplePayUmoney/Info.plist;
				LD_RUNPATH_SEARCH_PATHS = "$(inherited) @executable_path/Frameworks";
				LIBRARY_SEARCH_PATHS = (
					"$(inherited)",
					"$(PROJECT_DIR)/samplePayUmoney/PayU/CB",
					"$(PROJECT_DIR)/samplePayUmoney/PayU/SDK",
				);
				OTHER_LDFLAGS = "-ObjC";
				PRODUCT_BUNDLE_IDENTIFIER = mac.vinod.samplePayUmoney;
				PRODUCT_NAME = "$(TARGET_NAME)";
				SWIFT_OBJC_BRIDGING_HEADER = /Users/mac/Documents/samplePayUmoney/samplePayUmoney/Header.h;
				SWIFT_VERSION = 3.0;
			};
			name = Debug;
		};
		04B76F211E89357B00337AC1 /* Release */ = {
			isa = XCBuildConfiguration;
			buildSettings = {
				ASSETCATALOG_COMPILER_APPICON_NAME = AppIcon;
				INFOPLIST_FILE = samplePayUmoney/Info.plist;
				LD_RUNPATH_SEARCH_PATHS = "$(inherited) @executable_path/Frameworks";
				LIBRARY_SEARCH_PATHS = (
					"$(inherited)",
					"$(PROJECT_DIR)/samplePayUmoney/PayU/CB",
					"$(PROJECT_DIR)/samplePayUmoney/PayU/SDK",
				);
				OTHER_LDFLAGS = "-ObjC";
				PRODUCT_BUNDLE_IDENTIFIER = mac.vinod.samplePayUmoney;
				PRODUCT_NAME = "$(TARGET_NAME)";
				SWIFT_OBJC_BRIDGING_HEADER = /Users/mac/Documents/samplePayUmoney/samplePayUmoney/Header.h;
				SWIFT_VERSION = 3.0;
			};
			name = Release;
		};
		04B76F231E89357B00337AC1 /* Debug */ = {
			isa = XCBuildConfiguration;
			buildSettings = {
				ALWAYS_EMBED_SWIFT_STANDARD_LIBRARIES = YES;
				BUNDLE_LOADER = "$(TEST_HOST)";
				INFOPLIST_FILE = samplePayUmoneyTests/Info.plist;
				LD_RUNPATH_SEARCH_PATHS = "$(inherited) @executable_path/Frameworks @loader_path/Frameworks";
				PRODUCT_BUNDLE_IDENTIFIER = mac.vinod.samplePayUmoneyTests;
				PRODUCT_NAME = "$(TARGET_NAME)";
				SWIFT_VERSION = 3.0;
				TEST_HOST = "$(BUILT_PRODUCTS_DIR)/samplePayUmoney.app/samplePayUmoney";
			};
			name = Debug;
		};
		04B76F241E89357B00337AC1 /* Release */ = {
			isa = XCBuildConfiguration;
			buildSettings = {
				ALWAYS_EMBED_SWIFT_STANDARD_LIBRARIES = YES;
				BUNDLE_LOADER = "$(TEST_HOST)";
				INFOPLIST_FILE = samplePayUmoneyTests/Info.plist;
				LD_RUNPATH_SEARCH_PATHS = "$(inherited) @executable_path/Frameworks @loader_path/Frameworks";
				PRODUCT_BUNDLE_IDENTIFIER = mac.vinod.samplePayUmoneyTests;
				PRODUCT_NAME = "$(TARGET_NAME)";
				SWIFT_VERSION = 3.0;
				TEST_HOST = "$(BUILT_PRODUCTS_DIR)/samplePayUmoney.app/samplePayUmoney";
			};
			name = Release;
		};
		04B76F261E89357B00337AC1 /* Debug */ = {
			isa = XCBuildConfiguration;
			buildSettings = {
				ALWAYS_EMBED_SWIFT_STANDARD_LIBRARIES = YES;
				INFOPLIST_FILE = samplePayUmoneyUITests/Info.plist;
				LD_RUNPATH_SEARCH_PATHS = "$(inherited) @executable_path/Frameworks @loader_path/Frameworks";
				PRODUCT_BUNDLE_IDENTIFIER = mac.vinod.samplePayUmoneyUITests;
				PRODUCT_NAME = "$(TARGET_NAME)";
				SWIFT_VERSION = 3.0;
				TEST_TARGET_NAME = samplePayUmoney;
			};
			name = Debug;
		};
		04B76F271E89357B00337AC1 /* Release */ = {
			isa = XCBuildConfiguration;
			buildSettings = {
				ALWAYS_EMBED_SWIFT_STANDARD_LIBRARIES = YES;
				INFOPLIST_FILE = samplePayUmoneyUITests/Info.plist;
				LD_RUNPATH_SEARCH_PATHS = "$(inherited) @executable_path/Frameworks @loader_path/Frameworks";
				PRODUCT_BUNDLE_IDENTIFIER = mac.vinod.samplePayUmoneyUITests;
				PRODUCT_NAME = "$(TARGET_NAME)";
				SWIFT_VERSION = 3.0;
				TEST_TARGET_NAME = samplePayUmoney;
			};
			name = Release;
		};
/* End XCBuildConfiguration section */

/* Begin XCConfigurationList section */
		04B76EF21E89357A00337AC1 /* Build configuration list for PBXProject "samplePayUmoney" */ = {
			isa = XCConfigurationList;
			buildConfigurations = (
				04B76F1D1E89357B00337AC1 /* Debug */,
				04B76F1E1E89357B00337AC1 /* Release */,
			);
			defaultConfigurationIsVisible = 0;
			defaultConfigurationName = Release;
		};
		04B76F1F1E89357B00337AC1 /* Build configuration list for PBXNativeTarget "samplePayUmoney" */ = {
			isa = XCConfigurationList;
			buildConfigurations = (
				04B76F201E89357B00337AC1 /* Debug */,
				04B76F211E89357B00337AC1 /* Release */,
			);
			defaultConfigurationIsVisible = 0;
			defaultConfigurationName = Release;
		};
		04B76F221E89357B00337AC1 /* Build configuration list for PBXNativeTarget "samplePayUmoneyTests" */ = {
			isa = XCConfigurationList;
			buildConfigurations = (
				04B76F231E89357B00337AC1 /* Debug */,
				04B76F241E89357B00337AC1 /* Release */,
			);
			defaultConfigurationIsVisible = 0;
			defaultConfigurationName = Release;
		};
		04B76F251E89357B00337AC1 /* Build configuration list for PBXNativeTarget "samplePayUmoneyUITests" */ = {
			isa = XCConfigurationList;
			buildConfigurations = (
				04B76F261E89357B00337AC1 /* Debug */,
				04B76F271E89357B00337AC1 /* Release */,
			);
			defaultConfigurationIsVisible = 0;
			defaultConfigurationName = Release;
		};
/* End XCConfigurationList section */
	};
	rootObject = 04B76EEF1E89357A00337AC1 /* Project object */;
}
